// !$*UTF8*$!
{
	archiveVersion = 1;
	classes = {
	};
	objectVersion = 46;
	objects = {

/* Begin PBXBuildFile section */
		17762B101E75ED74006234A9 /* AppDelegate.swift in Sources */ = {isa = PBXBuildFile; fileRef = 17762B0F1E75ED74006234A9 /* AppDelegate.swift */; };
		17762B121E75ED74006234A9 /* ViewController.swift in Sources */ = {isa = PBXBuildFile; fileRef = 17762B111E75ED74006234A9 /* ViewController.swift */; };
		17762B151E75ED75006234A9 /* Main.storyboard in Resources */ = {isa = PBXBuildFile; fileRef = 17762B131E75ED75006234A9 /* Main.storyboard */; };
		17762B171E75ED75006234A9 /* Assets.xcassets in Resources */ = {isa = PBXBuildFile; fileRef = 17762B161E75ED75006234A9 /* Assets.xcassets */; };
		17762B1A1E75ED75006234A9 /* LaunchScreen.storyboard in Resources */ = {isa = PBXBuildFile; fileRef = 17762B181E75ED75006234A9 /* LaunchScreen.storyboard */; };
		17762B251E75ED75006234A9 /* tipCalculatorTests.swift in Sources */ = {isa = PBXBuildFile; fileRef = 17762B241E75ED75006234A9 /* tipCalculatorTests.swift */; };
		17762B301E75ED75006234A9 /* tipCalculatorUITests.swift in Sources */ = {isa = PBXBuildFile; fileRef = 17762B2F1E75ED75006234A9 /* tipCalculatorUITests.swift */; };
		17762B3E1E7623F8006234A9 /* SettingViewController.swift in Sources */ = {isa = PBXBuildFile; fileRef = 17762B3D1E7623F8006234A9 /* SettingViewController.swift */; };
		17762B401E7798EE006234A9 /* calTypes.swift in Sources */ = {isa = PBXBuildFile; fileRef = 17762B3F1E7798ED006234A9 /* calTypes.swift */; };
/* End PBXBuildFile section */

/* Begin PBXContainerItemProxy section */
		17762B211E75ED75006234A9 /* PBXContainerItemProxy */ = {
			isa = PBXContainerItemProxy;
			containerPortal = 17762B041E75ED74006234A9 /* Project object */;
			proxyType = 1;
			remoteGlobalIDString = 17762B0B1E75ED74006234A9;
			remoteInfo = tipCalculator;
		};
		17762B2C1E75ED75006234A9 /* PBXContainerItemProxy */ = {
			isa = PBXContainerItemProxy;
			containerPortal = 17762B041E75ED74006234A9 /* Project object */;
			proxyType = 1;
			remoteGlobalIDString = 17762B0B1E75ED74006234A9;
			remoteInfo = tipCalculator;
		};
/* End PBXContainerItemProxy section */

/* Begin PBXFileReference section */
		17762B0C1E75ED74006234A9 /* tipCalculator.app */ = {isa = PBXFileReference; explicitFileType = wrapper.application; includeInIndex = 0; path = tipCalculator.app; sourceTree = BUILT_PRODUCTS_DIR; };
		17762B0F1E75ED74006234A9 /* AppDelegate.swift */ = {isa = PBXFileReference; lastKnownFileType = sourcecode.swift; path = AppDelegate.swift; sourceTree = "<group>"; };
		17762B111E75ED74006234A9 /* ViewController.swift */ = {isa = PBXFileReference; lastKnownFileType = sourcecode.swift; path = ViewController.swift; sourceTree = "<group>"; };
		17762B141E75ED75006234A9 /* Base */ = {isa = PBXFileReference; lastKnownFileType = file.storyboard; name = Base; path = Base.lproj/Main.storyboard; sourceTree = "<group>"; };
		17762B161E75ED75006234A9 /* Assets.xcassets */ = {isa = PBXFileReference; lastKnownFileType = folder.assetcatalog; path = Assets.xcassets; sourceTree = "<group>"; };
		17762B191E75ED75006234A9 /* Base */ = {isa = PBXFileReference; lastKnownFileType = file.storyboard; name = Base; path = Base.lproj/LaunchScreen.storyboard; sourceTree = "<group>"; };
		17762B1B1E75ED75006234A9 /* Info.plist */ = {isa = PBXFileReference; lastKnownFileType = text.plist.xml; path = Info.plist; sourceTree = "<group>"; };
		17762B201E75ED75006234A9 /* tipCalculatorTests.xctest */ = {isa = PBXFileReference; explicitFileType = wrapper.cfbundle; includeInIndex = 0; path = tipCalculatorTests.xctest; sourceTree = BUILT_PRODUCTS_DIR; };
		17762B241E75ED75006234A9 /* tipCalculatorTests.swift */ = {isa = PBXFileReference; lastKnownFileType = sourcecode.swift; path = tipCalculatorTests.swift; sourceTree = "<group>"; };
		17762B261E75ED75006234A9 /* Info.plist */ = {isa = PBXFileReference; lastKnownFileType = text.plist.xml; path = Info.plist; sourceTree = "<group>"; };
		17762B2B1E75ED75006234A9 /* tipCalculatorUITests.xctest */ = {isa = PBXFileReference; explicitFileType = wrapper.cfbundle; includeInIndex = 0; path = tipCalculatorUITests.xctest; sourceTree = BUILT_PRODUCTS_DIR; };
		17762B2F1E75ED75006234A9 /* tipCalculatorUITests.swift */ = {isa = PBXFileReference; lastKnownFileType = sourcecode.swift; path = tipCalculatorUITests.swift; sourceTree = "<group>"; };
		17762B311E75ED75006234A9 /* Info.plist */ = {isa = PBXFileReference; lastKnownFileType = text.plist.xml; path = Info.plist; sourceTree = "<group>"; };
		17762B3D1E7623F8006234A9 /* SettingViewController.swift */ = {isa = PBXFileReference; fileEncoding = 4; lastKnownFileType = sourcecode.swift; path = SettingViewController.swift; sourceTree = "<group>"; };
		17762B3F1E7798ED006234A9 /* calTypes.swift */ = {isa = PBXFileReference; fileEncoding = 4; lastKnownFileType = sourcecode.swift; name = calTypes.swift; path = tipCalculator/calTypes.swift; sourceTree = "<group>"; };
/* End PBXFileReference section */

/* Begin PBXFrameworksBuildPhase section */
		17762B091E75ED74006234A9 /* Frameworks */ = {
			isa = PBXFrameworksBuildPhase;
			buildActionMask = 2147483647;
			files = (
			);
			runOnlyForDeploymentPostprocessing = 0;
		};
		17762B1D1E75ED75006234A9 /* Frameworks */ = {
			isa = PBXFrameworksBuildPhase;
			buildActionMask = 2147483647;
			files = (
			);
			runOnlyForDeploymentPostprocessing = 0;
		};
		17762B281E75ED75006234A9 /* Frameworks */ = {
			isa = PBXFrameworksBuildPhase;
			buildActionMask = 2147483647;
			files = (
			);
			runOnlyForDeploymentPostprocessing = 0;
		};
/* End PBXFrameworksBuildPhase section */

/* Begin PBXGroup section */
		17762B031E75ED74006234A9 = {
			isa = PBXGroup;
			children = (
				17762B3F1E7798ED006234A9 /* calTypes.swift */,
				17762B3D1E7623F8006234A9 /* SettingViewController.swift */,
				17762B0E1E75ED74006234A9 /* tipCalculator */,
				17762B231E75ED75006234A9 /* tipCalculatorTests */,
				17762B2E1E75ED75006234A9 /* tipCalculatorUITests */,
				17762B0D1E75ED74006234A9 /* Products */,
			);
			sourceTree = "<group>";
		};
		17762B0D1E75ED74006234A9 /* Products */ = {
			isa = PBXGroup;
			children = (
				17762B0C1E75ED74006234A9 /* tipCalculator.app */,
				17762B201E75ED75006234A9 /* tipCalculatorTests.xctest */,
				17762B2B1E75ED75006234A9 /* tipCalculatorUITests.xctest */,
			);
			name = Products;
			sourceTree = "<group>";
		};
		17762B0E1E75ED74006234A9 /* tipCalculator */ = {
			isa = PBXGroup;
			children = (
				17762B0F1E75ED74006234A9 /* AppDelegate.swift */,
				17762B111E75ED74006234A9 /* ViewController.swift */,
				17762B131E75ED75006234A9 /* Main.storyboard */,
				17762B161E75ED75006234A9 /* Assets.xcassets */,
				17762B181E75ED75006234A9 /* LaunchScreen.storyboard */,
				17762B1B1E75ED75006234A9 /* Info.plist */,
			);
			path = tipCalculator;
			sourceTree = "<group>";
		};
		17762B231E75ED75006234A9 /* tipCalculatorTests */ = {
			isa = PBXGroup;
			children = (
				17762B241E75ED75006234A9 /* tipCalculatorTests.swift */,
				17762B261E75ED75006234A9 /* Info.plist */,
			);
			path = tipCalculatorTests;
			sourceTree = "<group>";
		};
		17762B2E1E75ED75006234A9 /* tipCalculatorUITests */ = {
			isa = PBXGroup;
			children = (
				17762B2F1E75ED75006234A9 /* tipCalculatorUITests.swift */,
				17762B311E75ED75006234A9 /* Info.plist */,
			);
			path = tipCalculatorUITests;
			sourceTree = "<group>";
		};
/* End PBXGroup section */

/* Begin PBXNativeTarget section */
		17762B0B1E75ED74006234A9 /* tipCalculator */ = {
			isa = PBXNativeTarget;
			buildConfigurationList = 17762B341E75ED75006234A9 /* Build configuration list for PBXNativeTarget "tipCalculator" */;
			buildPhases = (
				17762B081E75ED74006234A9 /* Sources */,
				17762B091E75ED74006234A9 /* Frameworks */,
				17762B0A1E75ED74006234A9 /* Resources */,
			);
			buildRules = (
			);
			dependencies = (
			);
			name = tipCalculator;
			productName = tipCalculator;
			productReference = 17762B0C1E75ED74006234A9 /* tipCalculator.app */;
			productType = "com.apple.product-type.application";
		};
		17762B1F1E75ED75006234A9 /* tipCalculatorTests */ = {
			isa = PBXNativeTarget;
			buildConfigurationList = 17762B371E75ED75006234A9 /* Build configuration list for PBXNativeTarget "tipCalculatorTests" */;
			buildPhases = (
				17762B1C1E75ED75006234A9 /* Sources */,
				17762B1D1E75ED75006234A9 /* Frameworks */,
				17762B1E1E75ED75006234A9 /* Resources */,
			);
			buildRules = (
			);
			dependencies = (
				17762B221E75ED75006234A9 /* PBXTargetDependency */,
			);
			name = tipCalculatorTests;
			productName = tipCalculatorTests;
			productReference = 17762B201E75ED75006234A9 /* tipCalculatorTests.xctest */;
			productType = "com.apple.product-type.bundle.unit-test";
		};
		17762B2A1E75ED75006234A9 /* tipCalculatorUITests */ = {
			isa = PBXNativeTarget;
			buildConfigurationList = 17762B3A1E75ED75006234A9 /* Build configuration list for PBXNativeTarget "tipCalculatorUITests" */;
			buildPhases = (
				17762B271E75ED75006234A9 /* Sources */,
				17762B281E75ED75006234A9 /* Frameworks */,
				17762B291E75ED75006234A9 /* Resources */,
			);
			buildRules = (
			);
			dependencies = (
				17762B2D1E75ED75006234A9 /* PBXTargetDependency */,
			);
			name = tipCalculatorUITests;
			productName = tipCalculatorUITests;
			productReference = 17762B2B1E75ED75006234A9 /* tipCalculatorUITests.xctest */;
			productType = "com.apple.product-type.bundle.ui-testing";
		};
/* End PBXNativeTarget section */

/* Begin PBXProject section */
		17762B041E75ED74006234A9 /* Project object */ = {
			isa = PBXProject;
			attributes = {
				LastSwiftUpdateCheck = 0820;
				LastUpgradeCheck = 0820;
				ORGANIZATIONNAME = "Wendi Liu";
				TargetAttributes = {
					17762B0B1E75ED74006234A9 = {
						CreatedOnToolsVersion = 8.2.1;
						ProvisioningStyle = Automatic;
					};
					17762B1F1E75ED75006234A9 = {
						CreatedOnToolsVersion = 8.2.1;
						ProvisioningStyle = Automatic;
						TestTargetID = 17762B0B1E75ED74006234A9;
					};
					17762B2A1E75ED75006234A9 = {
						CreatedOnToolsVersion = 8.2.1;
						ProvisioningStyle = Automatic;
						TestTargetID = 17762B0B1E75ED74006234A9;
					};
				};
			};
			buildConfigurationList = 17762B071E75ED74006234A9 /* Build configuration list for PBXProject "tipCalculator" */;
			compatibilityVersion = "Xcode 3.2";
			developmentRegion = English;
			hasScannedForEncodings = 0;
			knownRegions = (
				en,
				Base,
			);
			mainGroup = 17762B031E75ED74006234A9;
			productRefGroup = 17762B0D1E75ED74006234A9 /* Products */;
			projectDirPath = "";
			projectRoot = "";
			targets = (
				17762B0B1E75ED74006234A9 /* tipCalculator */,
				17762B1F1E75ED75006234A9 /* tipCalculatorTests */,
				17762B2A1E75ED75006234A9 /* tipCalculatorUITests */,
			);
		};
/* End PBXProject section */

/* Begin PBXResourcesBuildPhase section */
		17762B0A1E75ED74006234A9 /* Resources */ = {
			isa = PBXResourcesBuildPhase;
			buildActionMask = 2147483647;
			files = (
				17762B1A1E75ED75006234A9 /* LaunchScreen.storyboard in Resources */,
				17762B171E75ED75006234A9 /* Assets.xcassets in Resources */,
				17762B151E75ED75006234A9 /* Main.storyboard in Resources */,
			);
			runOnlyForDeploymentPostprocessing = 0;
		};
		17762B1E1E75ED75006234A9 /* Resources */ = {
			isa = PBXResourcesBuildPhase;
			buildActionMask = 2147483647;
			files = (
			);
			runOnlyForDeploymentPostprocessing = 0;
		};
		17762B291E75ED75006234A9 /* Resources */ = {
			isa = PBXResourcesBuildPhase;
			buildActionMask = 2147483647;
			files = (
			);
			runOnlyForDeploymentPostprocessing = 0;
		};
/* End PBXResourcesBuildPhase section */

/* Begin PBXSourcesBuildPhase section */
		17762B081E75ED74006234A9 /* Sources */ = {
			isa = PBXSourcesBuildPhase;
			buildActionMask = 2147483647;
			files = (
				17762B121E75ED74006234A9 /* ViewController.swift in Sources */,
				17762B101E75ED74006234A9 /* AppDelegate.swift in Sources */,
				17762B401E7798EE006234A9 /* calTypes.swift in Sources */,
				17762B3E1E7623F8006234A9 /* SettingViewController.swift in Sources */,
			);
			runOnlyForDeploymentPostprocessing = 0;
		};
		17762B1C1E75ED75006234A9 /* Sources */ = {
			isa = PBXSourcesBuildPhase;
			buildActionMask = 2147483647;
			files = (
				17762B251E75ED75006234A9 /* tipCalculatorTests.swift in Sources */,
			);
			runOnlyForDeploymentPostprocessing = 0;
		};
		17762B271E75ED75006234A9 /* Sources */ = {
			isa = PBXSourcesBuildPhase;
			buildActionMask = 2147483647;
			files = (
				17762B301E75ED75006234A9 /* tipCalculatorUITests.swift in Sources */,
			);
			runOnlyForDeploymentPostprocessing = 0;
		};
/* End PBXSourcesBuildPhase section */

/* Begin PBXTargetDependency section */
		17762B221E75ED75006234A9 /* PBXTargetDependency */ = {
			isa = PBXTargetDependency;
			target = 17762B0B1E75ED74006234A9 /* tipCalculator */;
			targetProxy = 17762B211E75ED75006234A9 /* PBXContainerItemProxy */;
		};
		17762B2D1E75ED75006234A9 /* PBXTargetDependency */ = {
			isa = PBXTargetDependency;
			target = 17762B0B1E75ED74006234A9 /* tipCalculator */;
			targetProxy = 17762B2C1E75ED75006234A9 /* PBXContainerItemProxy */;
		};
/* End PBXTargetDependency section */

/* Begin PBXVariantGroup section */
		17762B131E75ED75006234A9 /* Main.storyboard */ = {
			isa = PBXVariantGroup;
			children = (
				17762B141E75ED75006234A9 /* Base */,
			);
			name = Main.storyboard;
			sourceTree = "<group>";
		};
		17762B181E75ED75006234A9 /* LaunchScreen.storyboard */ = {
			isa = PBXVariantGroup;
			children = (
				17762B191E75ED75006234A9 /* Base */,
			);
			name = LaunchScreen.storyboard;
			sourceTree = "<group>";
		};
/* End PBXVariantGroup section */

/* Begin XCBuildConfiguration section */
		17762B321E75ED75006234A9 /* Debug */ = {
			isa = XCBuildConfiguration;
			buildSettings = {
				ALWAYS_SEARCH_USER_PATHS = NO;
				CLANG_ANALYZER_NONNULL = YES;
				CLANG_CXX_LANGUAGE_STANDARD = "gnu++0x";
				CLANG_CXX_LIBRARY = "libc++";
				CLANG_ENABLE_MODULES = YES;
				CLANG_ENABLE_OBJC_ARC = YES;
				CLANG_WARN_BOOL_CONVERSION = YES;
				CLANG_WARN_CONSTANT_CONVERSION = YES;
				CLANG_WARN_DIRECT_OBJC_ISA_USAGE = YES_ERROR;
				CLANG_WARN_DOCUMENTATION_COMMENTS = YES;
				CLANG_WARN_EMPTY_BODY = YES;
				CLANG_WARN_ENUM_CONVERSION = YES;
				CLANG_WARN_INFINITE_RECURSION = YES;
				CLANG_WARN_INT_CONVERSION = YES;
				CLANG_WARN_OBJC_ROOT_CLASS = YES_ERROR;
				CLANG_WARN_SUSPICIOUS_MOVE = YES;
				CLANG_WARN_UNREACHABLE_CODE = YES;
				CLANG_WARN__DUPLICATE_METHOD_MATCH = YES;
				"CODE_SIGN_IDENTITY[sdk=iphoneos*]" = "iPhone Developer";
				COPY_PHASE_STRIP = NO;
				DEBUG_INFORMATION_FORMAT = dwarf;
				ENABLE_STRICT_OBJC_MSGSEND = YES;
				ENABLE_TESTABILITY = YES;
				GCC_C_LANGUAGE_STANDARD = gnu99;
				GCC_DYNAMIC_NO_PIC = NO;
				GCC_NO_COMMON_BLOCKS = YES;
				GCC_OPTIMIZATION_LEVEL = 0;
				GCC_PREPROCESSOR_DEFINITIONS = (
					"DEBUG=1",
					"$(inherited)",
				);
				GCC_WARN_64_TO_32_BIT_CONVERSION = YES;
				GCC_WARN_ABOUT_RETURN_TYPE = YES_ERROR;
				GCC_WARN_UNDECLARED_SELECTOR = YES;
				GCC_WARN_UNINITIALIZED_AUTOS = YES_AGGRESSIVE;
				GCC_WARN_UNUSED_FUNCTION = YES;
				GCC_WARN_UNUSED_VARIABLE = YES;
				IPHONEOS_DEPLOYMENT_TARGET = 10.2;
				MTL_ENABLE_DEBUG_INFO = YES;
				ONLY_ACTIVE_ARCH = YES;
				SDKROOT = iphoneos;
				SWIFT_ACTIVE_COMPILATION_CONDITIONS = DEBUG;
				SWIFT_OPTIMIZATION_LEVEL = "-Onone";
			};
			name = Debug;
		};
		17762B331E75ED75006234A9 /* Release */ = {
			isa = XCBuildConfiguration;
			buildSettings = {
				ALWAYS_SEARCH_USER_PATHS = NO;
				CLANG_ANALYZER_NONNULL = YES;
				CLANG_CXX_LANGUAGE_STANDARD = "gnu++0x";
				CLANG_CXX_LIBRARY = "libc++";
				CLANG_ENABLE_MODULES = YES;
				CLANG_ENABLE_OBJC_ARC = YES;
				CLANG_WARN_BOOL_CONVERSION = YES;
				CLANG_WARN_CONSTANT_CONVERSION = YES;
				CLANG_WARN_DIRECT_OBJC_ISA_USAGE = YES_ERROR;
				CLANG_WARN_DOCUMENTATION_COMMENTS = YES;
				CLANG_WARN_EMPTY_BODY = YES;
				CLANG_WARN_ENUM_CONVERSION = YES;
				CLANG_WARN_INFINITE_RECURSION = YES;
				CLANG_WARN_INT_CONVERSION = YES;
				CLANG_WARN_OBJC_ROOT_CLASS = YES_ERROR;
				CLANG_WARN_SUSPICIOUS_MOVE = YES;
				CLANG_WARN_UNREACHABLE_CODE = YES;
				CLANG_WARN__DUPLICATE_METHOD_MATCH = YES;
				"CODE_SIGN_IDENTITY[sdk=iphoneos*]" = "iPhone Developer";
				COPY_PHASE_STRIP = NO;
				DEBUG_INFORMATION_FORMAT = "dwarf-with-dsym";
				ENABLE_NS_ASSERTIONS = NO;
				ENABLE_STRICT_OBJC_MSGSEND = YES;
				GCC_C_LANGUAGE_STANDARD = gnu99;
				GCC_NO_COMMON_BLOCKS = YES;
				GCC_WARN_64_TO_32_BIT_CONVERSION = YES;
				GCC_WARN_ABOUT_RETURN_TYPE = YES_ERROR;
				GCC_WARN_UNDECLARED_SELECTOR = YES;
				GCC_WARN_UNINITIALIZED_AUTOS = YES_AGGRESSIVE;
				GCC_WARN_UNUSED_FUNCTION = YES;
				GCC_WARN_UNUSED_VARIABLE = YES;
				IPHONEOS_DEPLOYMENT_TARGET = 10.2;
				MTL_ENABLE_DEBUG_INFO = NO;
				SDKROOT = iphoneos;
				SWIFT_OPTIMIZATION_LEVEL = "-Owholemodule";
				VALIDATE_PRODUCT = YES;
			};
			name = Release;
		};
		17762B351E75ED75006234A9 /* Debug */ = {
			isa = XCBuildConfiguration;
			buildSettings = {
				ASSETCATALOG_COMPILER_APPICON_NAME = AppIcon;
				INFOPLIST_FILE = tipCalculator/Info.plist;
				LD_RUNPATH_SEARCH_PATHS = "$(inherited) @executable_path/Frameworks";
				PRODUCT_BUNDLE_IDENTIFIER = codepath.tipCalculator;
				PRODUCT_NAME = "$(TARGET_NAME)";
				SWIFT_VERSION = 3.0;
			};
			name = Debug;
		};
		17762B361E75ED75006234A9 /* Release */ = {
			isa = XCBuildConfiguration;
			buildSettings = {
				ASSETCATALOG_COMPILER_APPICON_NAME = AppIcon;
				INFOPLIST_FILE = tipCalculator/Info.plist;
				LD_RUNPATH_SEARCH_PATHS = "$(inherited) @executable_path/Frameworks";
				PRODUCT_BUNDLE_IDENTIFIER = codepath.tipCalculator;
				PRODUCT_NAME = "$(TARGET_NAME)";
				SWIFT_VERSION = 3.0;
			};
			name = Release;
		};
		17762B381E75ED75006234A9 /* Debug */ = {
			isa = XCBuildConfiguration;
			buildSettings = {
				ALWAYS_EMBED_SWIFT_STANDARD_LIBRARIES = YES;
				BUNDLE_LOADER = "$(TEST_HOST)";
				INFOPLIST_FILE = tipCalculatorTests/Info.plist;
				LD_RUNPATH_SEARCH_PATHS = "$(inherited) @executable_path/Frameworks @loader_path/Frameworks";
				PRODUCT_BUNDLE_IDENTIFIER = codepath.tipCalculatorTests;
				PRODUCT_NAME = "$(TARGET_NAME)";
				SWIFT_VERSION = 3.0;
				TEST_HOST = "$(BUILT_PRODUCTS_DIR)/tipCalculator.app/tipCalculator";
			};
			name = Debug;
		};
		17762B391E75ED75006234A9 /* Release */ = {
			isa = XCBuildConfiguration;
			buildSettings = {
				ALWAYS_EMBED_SWIFT_STANDARD_LIBRARIES = YES;
				BUNDLE_LOADER = "$(TEST_HOST)";
				INFOPLIST_FILE = tipCalculatorTests/Info.plist;
				LD_RUNPATH_SEARCH_PATHS = "$(inherited) @executable_path/Frameworks @loader_path/Frameworks";
				PRODUCT_BUNDLE_IDENTIFIER = codepath.tipCalculatorTests;
				PRODUCT_NAME = "$(TARGET_NAME)";
				SWIFT_VERSION = 3.0;
				TEST_HOST = "$(BUILT_PRODUCTS_DIR)/tipCalculator.app/tipCalculator";
			};
			name = Release;
		};
		17762B3B1E75ED75006234A9 /* Debug */ = {
			isa = XCBuildConfiguration;
			buildSettings = {
				ALWAYS_EMBED_SWIFT_STANDARD_LIBRARIES = YES;
				INFOPLIST_FILE = tipCalculatorUITests/Info.plist;
				LD_RUNPATH_SEARCH_PATHS = "$(inherited) @executable_path/Frameworks @loader_path/Frameworks";
				PRODUCT_BUNDLE_IDENTIFIER = codepath.tipCalculatorUITests;
				PRODUCT_NAME = "$(TARGET_NAME)";
				SWIFT_VERSION = 3.0;
				TEST_TARGET_NAME = tipCalculator;
			};
			name = Debug;
		};
		17762B3C1E75ED75006234A9 /* Release */ = {
			isa = XCBuildConfiguration;
			buildSettings = {
				ALWAYS_EMBED_SWIFT_STANDARD_LIBRARIES = YES;
				INFOPLIST_FILE = tipCalculatorUITests/Info.plist;
				LD_RUNPATH_SEARCH_PATHS = "$(inherited) @executable_path/Frameworks @loader_path/Frameworks";
				PRODUCT_BUNDLE_IDENTIFIER = codepath.tipCalculatorUITests;
				PRODUCT_NAME = "$(TARGET_NAME)";
				SWIFT_VERSION = 3.0;
				TEST_TARGET_NAME = tipCalculator;
			};
			name = Release;
		};
/* End XCBuildConfiguration section */

/* Begin XCConfigurationList section */
		17762B071E75ED74006234A9 /* Build configuration list for PBXProject "tipCalculator" */ = {
			isa = XCConfigurationList;
			buildConfigurations = (
				17762B321E75ED75006234A9 /* Debug */,
				17762B331E75ED75006234A9 /* Release */,
			);
			defaultConfigurationIsVisible = 0;
			defaultConfigurationName = Release;
		};
		17762B341E75ED75006234A9 /* Build configuration list for PBXNativeTarget "tipCalculator" */ = {
			isa = XCConfigurationList;
			buildConfigurations = (
				17762B351E75ED75006234A9 /* Debug */,
				17762B361E75ED75006234A9 /* Release */,
			);
			defaultConfigurationIsVisible = 0;
		};
		17762B371E75ED75006234A9 /* Build configuration list for PBXNativeTarget "tipCalculatorTests" */ = {
			isa = XCConfigurationList;
			buildConfigurations = (
				17762B381E75ED75006234A9 /* Debug */,
				17762B391E75ED75006234A9 /* Release */,
			);
			defaultConfigurationIsVisible = 0;
		};
		17762B3A1E75ED75006234A9 /* Build configuration list for PBXNativeTarget "tipCalculatorUITests" */ = {
			isa = XCConfigurationList;
			buildConfigurations = (
				17762B3B1E75ED75006234A9 /* Debug */,
				17762B3C1E75ED75006234A9 /* Release */,
			);
			defaultConfigurationIsVisible = 0;
		};
/* End XCConfigurationList section */
	};
	rootObject = 17762B041E75ED74006234A9 /* Project object */;
}
